{
  "name": "app",
  "lockfileVersion": 2,
  "requires": true,
  "packages": {
    "": {
      "dependencies": {
        "create-next-app": "^12.3.0"
      }
    },
    "node_modules/create-next-app": {
      "version": "12.3.0",
      "resolved": "https://registry.npmjs.org/create-next-app/-/create-next-app-12.3.0.tgz",
      "integrity": "sha512-1qrCkEfH3NqAxCR8o5cdr0k33KZpMEFk5E33e7BWxu5klA8HbfWmB1ZgTHJIqJP3T2laZdXkZxGYTfBLojWmAg==",
      "bin": {
        "create-next-app": "dist/index.js"
      },
      "engines": {
        "node": ">=12.22.0"
      }
    }
  },
  "dependencies": {
    "create-next-app": {
      "version": "12.3.0",
      "resolved": "https://registry.npmjs.org/create-next-app/-/create-next-app-12.3.0.tgz",
      "integrity": "sha512-1qrCkEfH3NqAxCR8o5cdr0k33KZpMEFk5E33e7BWxu5klA8HbfWmB1ZgTHJIqJP3T2laZdXkZxGYTfBLojWmAg=="
    }
  }
}
